
Microsoft Visual Studio Solution File, Format Version 12.00
# Visual Studio Version 17
VisualStudioVersion = 17.2.32630.192
MinimumVisualStudioVersion = 10.0.40219.1
Project("{FAE04EC0-301F-11D3-BF4B-00C04F79EFBC}") = "VIN_LIB", "VIN_LIB\VIN_LIB.csproj", "{686560A2-2CD5-4D5E-B3E7-3359930296A8}"
EndProject
Project("{FAE04EC0-301F-11D3-BF4B-00C04F79EFBC}") = "UnitTestProject1", "UnitTestProject1\UnitTestProject1.csproj", "{96E0A375-D164-4A27-BCA5-431991A23622}"
EndProject
Global
	GlobalSection(SolutionConfigurationPlatforms) = preSolution
		Debug|Any CPU = Debug|Any CPU
		Release|Any CPU = Release|Any CPU
	EndGlobalSection
	GlobalSection(ProjectConfigurationPlatforms) = postSolution
		{686560A2-2CD5-4D5E-B3E7-3359930296A8}.Debug|Any CPU.ActiveCfg = Debug|Any CPU
		{686560A2-2CD5-4D5E-B3E7-3359930296A8}.Debug|Any CPU.Build.0 = Debug|Any CPU
		{686560A2-2CD5-4D5E-B3E7-3359930296A8}.Release|Any CPU.ActiveCfg = Release|Any CPU
		{686560A2-2CD5-4D5E-B3E7-3359930296A8}.Release|Any CPU.Build.0 = Release|Any CPU
		{96E0A375-D164-4A27-BCA5-431991A23622}.Debug|Any CPU.ActiveCfg = Debug|Any CPU
		{96E0A375-D164-4A27-BCA5-431991A23622}.Debug|Any CPU.Build.0 = Debug|Any CPU
		{96E0A375-D164-4A27-BCA5-431991A23622}.Release|Any CPU.ActiveCfg = Release|Any CPU
		{96E0A375-D164-4A27-BCA5-431991A23622}.Release|Any CPU.Build.0 = Release|Any CPU
	EndGlobalSection
	GlobalSection(SolutionProperties) = preSolution
		HideSolutionNode = FALSE
	EndGlobalSection
	GlobalSection(ExtensibilityGlobals) = postSolution
		SolutionGuid = {1214E68D-9244-4EE4-A249-AA765C82C9AF}
	EndGlobalSection
EndGlobal
